
Microsoft Visual Studio Solution File, Format Version 12.00
# Visual Studio Version 17
VisualStudioVersion = 17.5.33502.453
MinimumVisualStudioVersion = 10.0.40219.1
Project("{FAE04EC0-301F-11D3-BF4B-00C04F79EFBC}") = "TechBoost", "TechBoost.csproj", "{59ED81F1-1A57-4AA0-BBE7-DB5EA6D21A50}"
EndProject
Global
	GlobalSection(SolutionConfigurationPlatforms) = preSolution
		Debug|Any CPU = Debug|Any CPU
		Release|Any CPU = Release|Any CPU
	EndGlobalSection
	GlobalSection(ProjectConfigurationPlatforms) = postSolution
		{59ED81F1-1A57-4AA0-BBE7-DB5EA6D21A50}.Debug|Any CPU.ActiveCfg = Debug|Any CPU
		{59ED81F1-1A57-4AA0-BBE7-DB5EA6D21A50}.Debug|Any CPU.Build.0 = Debug|Any CPU
		{59ED81F1-1A57-4AA0-BBE7-DB5EA6D21A50}.Release|Any CPU.ActiveCfg = Release|Any CPU
		{59ED81F1-1A57-4AA0-BBE7-DB5EA6D21A50}.Release|Any CPU.Build.0 = Release|Any CPU
	EndGlobalSection
	GlobalSection(SolutionProperties) = preSolution
		HideSolutionNode = FALSE
	EndGlobalSection
	GlobalSection(ExtensibilityGlobals) = postSolution
		SolutionGuid = {5580B221-6C31-4BC4-86A7-AD4BA94B935F}
	EndGlobalSection
EndGlobal
